
Microsoft Visual Studio Solution File, Format Version 12.00
# Visual Studio Version 17
VisualStudioVersion = 17.11.35222.181
MinimumVisualStudioVersion = 10.0.40219.1
Project("{9A19103F-16F7-4668-BE54-9A1E7A4F7556}") = "Translit.Shared", "Translit.Shared\Translit.Shared.csproj", "{5E910338-50ED-4AA0-B966-89D7FB3ACA1B}"
EndProject
Project("{9A19103F-16F7-4668-BE54-9A1E7A4F7556}") = "Translit.Service", "Translit.Service\Translit.Service.csproj", "{491A5305-034C-464B-A99E-078DECD3C963}"
EndProject
Project("{9A19103F-16F7-4668-BE54-9A1E7A4F7556}") = "Translit.ConsoleClient", "Translit.ConsoleClient\Translit.ConsoleClient.csproj", "{EEE2394E-DB40-40F3-8860-E79D4BBB24DE}"
EndProject
Project("{FAE04EC0-301F-11D3-BF4B-00C04F79EFBC}") = "Translit.ConsoleDirect", "Translit.ConsoleDirect\Translit.ConsoleDirect.csproj", "{AE85638C-3CE6-4F9C-8D89-F105BD425DDA}"
EndProject
Global
	GlobalSection(SolutionConfigurationPlatforms) = preSolution
		Debug|Any CPU = Debug|Any CPU
		Release|Any CPU = Release|Any CPU
	EndGlobalSection
	GlobalSection(ProjectConfigurationPlatforms) = postSolution
		{5E910338-50ED-4AA0-B966-89D7FB3ACA1B}.Debug|Any CPU.ActiveCfg = Debug|Any CPU
		{5E910338-50ED-4AA0-B966-89D7FB3ACA1B}.Debug|Any CPU.Build.0 = Debug|Any CPU
		{5E910338-50ED-4AA0-B966-89D7FB3ACA1B}.Release|Any CPU.ActiveCfg = Release|Any CPU
		{5E910338-50ED-4AA0-B966-89D7FB3ACA1B}.Release|Any CPU.Build.0 = Release|Any CPU
		{491A5305-034C-464B-A99E-078DECD3C963}.Debug|Any CPU.ActiveCfg = Debug|Any CPU
		{491A5305-034C-464B-A99E-078DECD3C963}.Debug|Any CPU.Build.0 = Debug|Any CPU
		{491A5305-034C-464B-A99E-078DECD3C963}.Release|Any CPU.ActiveCfg = Release|Any CPU
		{491A5305-034C-464B-A99E-078DECD3C963}.Release|Any CPU.Build.0 = Release|Any CPU
		{EEE2394E-DB40-40F3-8860-E79D4BBB24DE}.Debug|Any CPU.ActiveCfg = Debug|Any CPU
		{EEE2394E-DB40-40F3-8860-E79D4BBB24DE}.Debug|Any CPU.Build.0 = Debug|Any CPU
		{EEE2394E-DB40-40F3-8860-E79D4BBB24DE}.Release|Any CPU.ActiveCfg = Release|Any CPU
		{EEE2394E-DB40-40F3-8860-E79D4BBB24DE}.Release|Any CPU.Build.0 = Release|Any CPU
		{AE85638C-3CE6-4F9C-8D89-F105BD425DDA}.Debug|Any CPU.ActiveCfg = Debug|Any CPU
		{AE85638C-3CE6-4F9C-8D89-F105BD425DDA}.Debug|Any CPU.Build.0 = Debug|Any CPU
		{AE85638C-3CE6-4F9C-8D89-F105BD425DDA}.Release|Any CPU.ActiveCfg = Release|Any CPU
		{AE85638C-3CE6-4F9C-8D89-F105BD425DDA}.Release|Any CPU.Build.0 = Release|Any CPU
	EndGlobalSection
	GlobalSection(SolutionProperties) = preSolution
		HideSolutionNode = FALSE
	EndGlobalSection
	GlobalSection(ExtensibilityGlobals) = postSolution
		SolutionGuid = {B7FA1ABB-3340-4380-AACF-90267C28E61C}
	EndGlobalSection
EndGlobal
